// !$*UTF8*$!
{
	archiveVersion = 1;
	classes = {
	};
	objectVersion = 50;
	objects = {

/* Begin PBXBuildFile section */
		640E993126E8FD98005C72CF /* WidgetKit.framework in Frameworks */ = {isa = PBXBuildFile; fileRef = 64647FCC26E5E613000F0FF2 /* WidgetKit.framework */; };
		640E993226E8FD98005C72CF /* SwiftUI.framework in Frameworks */ = {isa = PBXBuildFile; fileRef = 64647FCE26E5E613000F0FF2 /* SwiftUI.framework */; };
		640E993526E8FD98005C72CF /* StatusUpdate.swift in Sources */ = {isa = PBXBuildFile; fileRef = 640E993426E8FD98005C72CF /* StatusUpdate.swift */; };
		640E993826E8FD99005C72CF /* Assets.xcassets in Resources */ = {isa = PBXBuildFile; fileRef = 640E993726E8FD99005C72CF /* Assets.xcassets */; };
		640E993A26E8FD99005C72CF /* StatusUpdate.intentdefinition in Sources */ = {isa = PBXBuildFile; fileRef = 640E993626E8FD98005C72CF /* StatusUpdate.intentdefinition */; };
		640E993B26E8FD99005C72CF /* StatusUpdate.intentdefinition in Sources */ = {isa = PBXBuildFile; fileRef = 640E993626E8FD98005C72CF /* StatusUpdate.intentdefinition */; };
		640E993E26E8FD99005C72CF /* StatusUpdateExtension.appex in Embed App Extensions */ = {isa = PBXBuildFile; fileRef = 640E993026E8FD98005C72CF /* StatusUpdateExtension.appex */; settings = {ATTRIBUTES = (RemoveHeadersOnCopy, ); }; };
		640FA6AD26C3CCFF009548F5 /* TileView.swift in Sources */ = {isa = PBXBuildFile; fileRef = 640FA6AC26C3CCFF009548F5 /* TileView.swift */; };
		640FA6AF26C3F53F009548F5 /* RequestDetailView.swift in Sources */ = {isa = PBXBuildFile; fileRef = 640FA6AE26C3F53F009548F5 /* RequestDetailView.swift */; };
		640FA6B726C4D5C1009548F5 /* CircleIcon.swift in Sources */ = {isa = PBXBuildFile; fileRef = 640FA6B626C4D5C1009548F5 /* CircleIcon.swift */; };
		6429603026CD33C200274622 /* SelectAccView.swift in Sources */ = {isa = PBXBuildFile; fileRef = 6429602F26CD33C200274622 /* SelectAccView.swift */; };
		642EA77826E4BEEE00BB0FA6 /* Widget.swift in Sources */ = {isa = PBXBuildFile; fileRef = 642EA77726E4BEEE00BB0FA6 /* Widget.swift */; };
		642EA78426E50DF200BB0FA6 /* WidgetData.swift in Sources */ = {isa = PBXBuildFile; fileRef = 642EA78326E50DF200BB0FA6 /* WidgetData.swift */; };
		642EA78D26E5171500BB0FA6 /* xsWidgetView.swift in Sources */ = {isa = PBXBuildFile; fileRef = 642EA78C26E5171500BB0FA6 /* xsWidgetView.swift */; };
		644A38ED26CBF9880077F972 /* Extensions.swift in Sources */ = {isa = PBXBuildFile; fileRef = 644A38EC26CBF9880077F972 /* Extensions.swift */; };
		644A38EF26CC04750077F972 /* Detail.swift in Sources */ = {isa = PBXBuildFile; fileRef = 644A38EE26CC04750077F972 /* Detail.swift */; };
		644A38F726CC092B0077F972 /* RequestBtn.swift in Sources */ = {isa = PBXBuildFile; fileRef = 644A38F626CC092B0077F972 /* RequestBtn.swift */; };
		644A38FB26CC0D020077F972 /* Details.json in Resources */ = {isa = PBXBuildFile; fileRef = 644A38FA26CC0D020077F972 /* Details.json */; };
		645DA8F926C177DF00C4E149 /* AppDelegate.swift in Sources */ = {isa = PBXBuildFile; fileRef = 645DA8F826C177DF00C4E149 /* AppDelegate.swift */; };
		645DA8FB26C177DF00C4E149 /* SceneDelegate.swift in Sources */ = {isa = PBXBuildFile; fileRef = 645DA8FA26C177DF00C4E149 /* SceneDelegate.swift */; };
		645DA8FD26C177DF00C4E149 /* ContentView.swift in Sources */ = {isa = PBXBuildFile; fileRef = 645DA8FC26C177DF00C4E149 /* ContentView.swift */; };
		645DA8FF26C177E000C4E149 /* Assets.xcassets in Resources */ = {isa = PBXBuildFile; fileRef = 645DA8FE26C177E000C4E149 /* Assets.xcassets */; };
		645DA90226C177E000C4E149 /* Preview Assets.xcassets in Resources */ = {isa = PBXBuildFile; fileRef = 645DA90126C177E000C4E149 /* Preview Assets.xcassets */; };
		645DA90526C177E000C4E149 /* LaunchScreen.storyboard in Resources */ = {isa = PBXBuildFile; fileRef = 645DA90326C177E000C4E149 /* LaunchScreen.storyboard */; };
		645DA91126C1789000C4E149 /* TextStyleGuide.swift in Sources */ = {isa = PBXBuildFile; fileRef = 645DA91026C1789000C4E149 /* TextStyleGuide.swift */; };
		645DA91626C17AA200C4E149 /* Account.json in Resources */ = {isa = PBXBuildFile; fileRef = 645DA91526C17AA200C4E149 /* Account.json */; };
		645DA91826C17C0000C4E149 /* Data.swift in Sources */ = {isa = PBXBuildFile; fileRef = 645DA91726C17C0000C4E149 /* Data.swift */; };
		645DA91A26C17CF800C4E149 /* Account.swift in Sources */ = {isa = PBXBuildFile; fileRef = 645DA91926C17CF800C4E149 /* Account.swift */; };
		64647FCD26E5E613000F0FF2 /* WidgetKit.framework in Frameworks */ = {isa = PBXBuildFile; fileRef = 64647FCC26E5E613000F0FF2 /* WidgetKit.framework */; };
		64647FCF26E5E613000F0FF2 /* SwiftUI.framework in Frameworks */ = {isa = PBXBuildFile; fileRef = 64647FCE26E5E613000F0FF2 /* SwiftUI.framework */; };
		64647FD226E5E613000F0FF2 /* SmartAppWidget.swift in Sources */ = {isa = PBXBuildFile; fileRef = 64647FD126E5E613000F0FF2 /* SmartAppWidget.swift */; };
		64647FD426E5E614000F0FF2 /* Assets.xcassets in Resources */ = {isa = PBXBuildFile; fileRef = 64647FD326E5E614000F0FF2 /* Assets.xcassets */; };
		64647FD826E5E614000F0FF2 /* SmartAppWidgetExtension.appex in Embed App Extensions */ = {isa = PBXBuildFile; fileRef = 64647FCA26E5E613000F0FF2 /* SmartAppWidgetExtension.appex */; settings = {ATTRIBUTES = (RemoveHeadersOnCopy, ); }; };
		649F310826D383A3006B8551 /* ComponentList.swift in Sources */ = {isa = PBXBuildFile; fileRef = 649F310726D383A3006B8551 /* ComponentList.swift */; };
		64CB519326DD03AA00E3D589 /* TileView2.swift in Sources */ = {isa = PBXBuildFile; fileRef = 64CB519226DD03AA00E3D589 /* TileView2.swift */; };
		64EC2C2826E60D6B00A2DDA0 /* SmallWidget.swift in Sources */ = {isa = PBXBuildFile; fileRef = 64EC2C2726E60D6B00A2DDA0 /* SmallWidget.swift */; };
		64EC2C3826E6D7CA00A2DDA0 /* WidgetKit.framework in Frameworks */ = {isa = PBXBuildFile; fileRef = 64647FCC26E5E613000F0FF2 /* WidgetKit.framework */; };
		64EC2C3926E6D7CA00A2DDA0 /* SwiftUI.framework in Frameworks */ = {isa = PBXBuildFile; fileRef = 64647FCE26E5E613000F0FF2 /* SwiftUI.framework */; };
		64EC2C3C26E6D7CA00A2DDA0 /* StatusWidget.swift in Sources */ = {isa = PBXBuildFile; fileRef = 64EC2C3B26E6D7CA00A2DDA0 /* StatusWidget.swift */; };
		64EC2C3E26E6D7D100A2DDA0 /* Assets.xcassets in Resources */ = {isa = PBXBuildFile; fileRef = 64EC2C3D26E6D7D100A2DDA0 /* Assets.xcassets */; };
		64EC2C4226E6D7D100A2DDA0 /* StatusWidgetExtension.appex in Embed App Extensions */ = {isa = PBXBuildFile; fileRef = 64EC2C3726E6D7CA00A2DDA0 /* StatusWidgetExtension.appex */; settings = {ATTRIBUTES = (RemoveHeadersOnCopy, ); }; };
/* End PBXBuildFile section */

/* Begin PBXContainerItemProxy section */
		640E993C26E8FD99005C72CF /* PBXContainerItemProxy */ = {
			isa = PBXContainerItemProxy;
			containerPortal = 645DA8ED26C177DF00C4E149 /* Project object */;
			proxyType = 1;
			remoteGlobalIDString = 640E992F26E8FD98005C72CF;
			remoteInfo = StatusUpdateExtension;
		};
		64647FD626E5E614000F0FF2 /* PBXContainerItemProxy */ = {
			isa = PBXContainerItemProxy;
			containerPortal = 645DA8ED26C177DF00C4E149 /* Project object */;
			proxyType = 1;
			remoteGlobalIDString = 64647FC926E5E613000F0FF2;
			remoteInfo = SmartAppWidgetExtension;
		};
		64EC2C4026E6D7D100A2DDA0 /* PBXContainerItemProxy */ = {
			isa = PBXContainerItemProxy;
			containerPortal = 645DA8ED26C177DF00C4E149 /* Project object */;
			proxyType = 1;
			remoteGlobalIDString = 64EC2C3626E6D7CA00A2DDA0;
			remoteInfo = StatusWidgetExtension;
		};
/* End PBXContainerItemProxy section */

/* Begin PBXCopyFilesBuildPhase section */
		64647FD926E5E614000F0FF2 /* Embed App Extensions */ = {
			isa = PBXCopyFilesBuildPhase;
			buildActionMask = 2147483647;
			dstPath = "";
			dstSubfolderSpec = 13;
			files = (
				640E993E26E8FD99005C72CF /* StatusUpdateExtension.appex in Embed App Extensions */,
				64EC2C4226E6D7D100A2DDA0 /* StatusWidgetExtension.appex in Embed App Extensions */,
				64647FD826E5E614000F0FF2 /* SmartAppWidgetExtension.appex in Embed App Extensions */,
			);
			name = "Embed App Extensions";
			runOnlyForDeploymentPostprocessing = 0;
		};
/* End PBXCopyFilesBuildPhase section */

/* Begin PBXFileReference section */
		640E993026E8FD98005C72CF /* StatusUpdateExtension.appex */ = {isa = PBXFileReference; explicitFileType = "wrapper.app-extension"; includeInIndex = 0; path = StatusUpdateExtension.appex; sourceTree = BUILT_PRODUCTS_DIR; };
		640E993426E8FD98005C72CF /* StatusUpdate.swift */ = {isa = PBXFileReference; lastKnownFileType = sourcecode.swift; path = StatusUpdate.swift; sourceTree = "<group>"; };
		640E993626E8FD98005C72CF /* StatusUpdate.intentdefinition */ = {isa = PBXFileReference; lastKnownFileType = file.intentdefinition; path = StatusUpdate.intentdefinition; sourceTree = "<group>"; };
		640E993726E8FD99005C72CF /* Assets.xcassets */ = {isa = PBXFileReference; lastKnownFileType = folder.assetcatalog; path = Assets.xcassets; sourceTree = "<group>"; };
		640E993926E8FD99005C72CF /* Info.plist */ = {isa = PBXFileReference; lastKnownFileType = text.plist.xml; path = Info.plist; sourceTree = "<group>"; };
		640FA6AC26C3CCFF009548F5 /* TileView.swift */ = {isa = PBXFileReference; lastKnownFileType = sourcecode.swift; path = TileView.swift; sourceTree = "<group>"; };
		640FA6AE26C3F53F009548F5 /* RequestDetailView.swift */ = {isa = PBXFileReference; lastKnownFileType = sourcecode.swift; path = RequestDetailView.swift; sourceTree = "<group>"; };
		640FA6B626C4D5C1009548F5 /* CircleIcon.swift */ = {isa = PBXFileReference; lastKnownFileType = sourcecode.swift; path = CircleIcon.swift; sourceTree = "<group>"; };
		6429602F26CD33C200274622 /* SelectAccView.swift */ = {isa = PBXFileReference; lastKnownFileType = sourcecode.swift; path = SelectAccView.swift; sourceTree = "<group>"; };
		642EA77726E4BEEE00BB0FA6 /* Widget.swift */ = {isa = PBXFileReference; lastKnownFileType = sourcecode.swift; path = Widget.swift; sourceTree = "<group>"; };
		642EA78326E50DF200BB0FA6 /* WidgetData.swift */ = {isa = PBXFileReference; lastKnownFileType = sourcecode.swift; path = WidgetData.swift; sourceTree = "<group>"; };
		642EA78C26E5171500BB0FA6 /* xsWidgetView.swift */ = {isa = PBXFileReference; lastKnownFileType = sourcecode.swift; path = xsWidgetView.swift; sourceTree = "<group>"; };
		642EA78F26E51BFB00BB0FA6 /* TileBalance.entitlements */ = {isa = PBXFileReference; lastKnownFileType = text.plist.entitlements; path = TileBalance.entitlements; sourceTree = "<group>"; };
		644A38EC26CBF9880077F972 /* Extensions.swift */ = {isa = PBXFileReference; lastKnownFileType = sourcecode.swift; path = Extensions.swift; sourceTree = "<group>"; };
		644A38EE26CC04750077F972 /* Detail.swift */ = {isa = PBXFileReference; lastKnownFileType = sourcecode.swift; path = Detail.swift; sourceTree = "<group>"; };
		644A38F626CC092B0077F972 /* RequestBtn.swift */ = {isa = PBXFileReference; lastKnownFileType = sourcecode.swift; path = RequestBtn.swift; sourceTree = "<group>"; };
		644A38FA26CC0D020077F972 /* Details.json */ = {isa = PBXFileReference; lastKnownFileType = text.json; path = Details.json; sourceTree = "<group>"; };
		645DA8F526C177DF00C4E149 /* TileBalance.app */ = {isa = PBXFileReference; explicitFileType = wrapper.application; includeInIndex = 0; path = TileBalance.app; sourceTree = BUILT_PRODUCTS_DIR; };
		645DA8F826C177DF00C4E149 /* AppDelegate.swift */ = {isa = PBXFileReference; lastKnownFileType = sourcecode.swift; path = AppDelegate.swift; sourceTree = "<group>"; };
		645DA8FA26C177DF00C4E149 /* SceneDelegate.swift */ = {isa = PBXFileReference; lastKnownFileType = sourcecode.swift; path = SceneDelegate.swift; sourceTree = "<group>"; };
		645DA8FC26C177DF00C4E149 /* ContentView.swift */ = {isa = PBXFileReference; lastKnownFileType = sourcecode.swift; path = ContentView.swift; sourceTree = "<group>"; };
		645DA8FE26C177E000C4E149 /* Assets.xcassets */ = {isa = PBXFileReference; lastKnownFileType = folder.assetcatalog; path = Assets.xcassets; sourceTree = "<group>"; };
		645DA90126C177E000C4E149 /* Preview Assets.xcassets */ = {isa = PBXFileReference; lastKnownFileType = folder.assetcatalog; path = "Preview Assets.xcassets"; sourceTree = "<group>"; };
		645DA90426C177E000C4E149 /* Base */ = {isa = PBXFileReference; lastKnownFileType = file.storyboard; name = Base; path = Base.lproj/LaunchScreen.storyboard; sourceTree = "<group>"; };
		645DA90626C177E000C4E149 /* Info.plist */ = {isa = PBXFileReference; lastKnownFileType = text.plist.xml; path = Info.plist; sourceTree = "<group>"; };
		645DA91026C1789000C4E149 /* TextStyleGuide.swift */ = {isa = PBXFileReference; lastKnownFileType = sourcecode.swift; path = TextStyleGuide.swift; sourceTree = "<group>"; };
		645DA91526C17AA200C4E149 /* Account.json */ = {isa = PBXFileReference; lastKnownFileType = text.json; path = Account.json; sourceTree = "<group>"; };
		645DA91726C17C0000C4E149 /* Data.swift */ = {isa = PBXFileReference; lastKnownFileType = sourcecode.swift; path = Data.swift; sourceTree = "<group>"; };
		645DA91926C17CF800C4E149 /* Account.swift */ = {isa = PBXFileReference; lastKnownFileType = sourcecode.swift; path = Account.swift; sourceTree = "<group>"; };
		64647FCA26E5E613000F0FF2 /* SmartAppWidgetExtension.appex */ = {isa = PBXFileReference; explicitFileType = "wrapper.app-extension"; includeInIndex = 0; path = SmartAppWidgetExtension.appex; sourceTree = BUILT_PRODUCTS_DIR; };
		64647FCC26E5E613000F0FF2 /* WidgetKit.framework */ = {isa = PBXFileReference; lastKnownFileType = wrapper.framework; name = WidgetKit.framework; path = System/Library/Frameworks/WidgetKit.framework; sourceTree = SDKROOT; };
		64647FCE26E5E613000F0FF2 /* SwiftUI.framework */ = {isa = PBXFileReference; lastKnownFileType = wrapper.framework; name = SwiftUI.framework; path = System/Library/Frameworks/SwiftUI.framework; sourceTree = SDKROOT; };
		64647FD126E5E613000F0FF2 /* SmartAppWidget.swift */ = {isa = PBXFileReference; lastKnownFileType = sourcecode.swift; path = SmartAppWidget.swift; sourceTree = "<group>"; };
		64647FD326E5E614000F0FF2 /* Assets.xcassets */ = {isa = PBXFileReference; lastKnownFileType = folder.assetcatalog; path = Assets.xcassets; sourceTree = "<group>"; };
		64647FD526E5E614000F0FF2 /* Info.plist */ = {isa = PBXFileReference; lastKnownFileType = text.plist.xml; path = Info.plist; sourceTree = "<group>"; };
		649F310726D383A3006B8551 /* ComponentList.swift */ = {isa = PBXFileReference; lastKnownFileType = sourcecode.swift; path = ComponentList.swift; sourceTree = "<group>"; };
		64CB519226DD03AA00E3D589 /* TileView2.swift */ = {isa = PBXFileReference; lastKnownFileType = sourcecode.swift; path = TileView2.swift; sourceTree = "<group>"; };
		64EC2C2726E60D6B00A2DDA0 /* SmallWidget.swift */ = {isa = PBXFileReference; lastKnownFileType = sourcecode.swift; path = SmallWidget.swift; sourceTree = "<group>"; };
		64EC2C3726E6D7CA00A2DDA0 /* StatusWidgetExtension.appex */ = {isa = PBXFileReference; explicitFileType = "wrapper.app-extension"; includeInIndex = 0; path = StatusWidgetExtension.appex; sourceTree = BUILT_PRODUCTS_DIR; };
		64EC2C3B26E6D7CA00A2DDA0 /* StatusWidget.swift */ = {isa = PBXFileReference; lastKnownFileType = sourcecode.swift; path = StatusWidget.swift; sourceTree = "<group>"; };
		64EC2C3D26E6D7D100A2DDA0 /* Assets.xcassets */ = {isa = PBXFileReference; lastKnownFileType = folder.assetcatalog; path = Assets.xcassets; sourceTree = "<group>"; };
		64EC2C3F26E6D7D100A2DDA0 /* Info.plist */ = {isa = PBXFileReference; lastKnownFileType = text.plist.xml; path = Info.plist; sourceTree = "<group>"; };
/* End PBXFileReference section */

/* Begin PBXFrameworksBuildPhase section */
		640E992D26E8FD98005C72CF /* Frameworks */ = {
			isa = PBXFrameworksBuildPhase;
			buildActionMask = 2147483647;
			files = (
				640E993226E8FD98005C72CF /* SwiftUI.framework in Frameworks */,
				640E993126E8FD98005C72CF /* WidgetKit.framework in Frameworks */,
			);
			runOnlyForDeploymentPostprocessing = 0;
		};
		645DA8F226C177DF00C4E149 /* Frameworks */ = {
			isa = PBXFrameworksBuildPhase;
			buildActionMask = 2147483647;
			files = (
			);
			runOnlyForDeploymentPostprocessing = 0;
		};
		64647FC726E5E613000F0FF2 /* Frameworks */ = {
			isa = PBXFrameworksBuildPhase;
			buildActionMask = 2147483647;
			files = (
				64647FCF26E5E613000F0FF2 /* SwiftUI.framework in Frameworks */,
				64647FCD26E5E613000F0FF2 /* WidgetKit.framework in Frameworks */,
			);
			runOnlyForDeploymentPostprocessing = 0;
		};
		64EC2C3426E6D7CA00A2DDA0 /* Frameworks */ = {
			isa = PBXFrameworksBuildPhase;
			buildActionMask = 2147483647;
			files = (
				64EC2C3926E6D7CA00A2DDA0 /* SwiftUI.framework in Frameworks */,
				64EC2C3826E6D7CA00A2DDA0 /* WidgetKit.framework in Frameworks */,
			);
			runOnlyForDeploymentPostprocessing = 0;
		};
/* End PBXFrameworksBuildPhase section */

/* Begin PBXGroup section */
		640E993326E8FD98005C72CF /* StatusUpdate */ = {
			isa = PBXGroup;
			children = (
				640E993426E8FD98005C72CF /* StatusUpdate.swift */,
				640E993626E8FD98005C72CF /* StatusUpdate.intentdefinition */,
				640E993726E8FD99005C72CF /* Assets.xcassets */,
				640E993926E8FD99005C72CF /* Info.plist */,
			);
			path = StatusUpdate;
			sourceTree = "<group>";
		};
		644A38EB26CBF9680077F972 /* Utils */ = {
			isa = PBXGroup;
			children = (
				645DA91726C17C0000C4E149 /* Data.swift */,
				644A38EC26CBF9880077F972 /* Extensions.swift */,
			);
			name = Utils;
			path = Resources/Utils;
			sourceTree = "<group>";
		};
		645DA8EC26C177DF00C4E149 = {
			isa = PBXGroup;
			children = (
				645DA8F726C177DF00C4E149 /* TileBalance */,
				64647FD026E5E613000F0FF2 /* SmartAppWidget */,
				64EC2C3A26E6D7CA00A2DDA0 /* StatusWidget */,
				640E993326E8FD98005C72CF /* StatusUpdate */,
				64647FCB26E5E613000F0FF2 /* Frameworks */,
				645DA8F626C177DF00C4E149 /* Products */,
			);
			sourceTree = "<group>";
		};
		645DA8F626C177DF00C4E149 /* Products */ = {
			isa = PBXGroup;
			children = (
				645DA8F526C177DF00C4E149 /* TileBalance.app */,
				64647FCA26E5E613000F0FF2 /* SmartAppWidgetExtension.appex */,
				64EC2C3726E6D7CA00A2DDA0 /* StatusWidgetExtension.appex */,
				640E993026E8FD98005C72CF /* StatusUpdateExtension.appex */,
			);
			name = Products;
			sourceTree = "<group>";
		};
		645DA8F726C177DF00C4E149 /* TileBalance */ = {
			isa = PBXGroup;
			children = (
				642EA78F26E51BFB00BB0FA6 /* TileBalance.entitlements */,
				645DA8F826C177DF00C4E149 /* AppDelegate.swift */,
				645DA8FA26C177DF00C4E149 /* SceneDelegate.swift */,
				645DA91226C17A0F00C4E149 /* Models */,
				64BA8F2326C184E100ACEBAC /* Views */,
				645DA8FC26C177DF00C4E149 /* ContentView.swift */,
				649F310726D383A3006B8551 /* ComponentList.swift */,
				642EA77726E4BEEE00BB0FA6 /* Widget.swift */,
				642EA78C26E5171500BB0FA6 /* xsWidgetView.swift */,
				64EC2C2726E60D6B00A2DDA0 /* SmallWidget.swift */,
				640FA6AE26C3F53F009548F5 /* RequestDetailView.swift */,
				6429602F26CD33C200274622 /* SelectAccView.swift */,
				640FA6AC26C3CCFF009548F5 /* TileView.swift */,
				64CB519226DD03AA00E3D589 /* TileView2.swift */,
				640FA6B626C4D5C1009548F5 /* CircleIcon.swift */,
				644A38EB26CBF9680077F972 /* Utils */,
				64BA8F2426C184FC00ACEBAC /* Resources */,
				645DA8FE26C177E000C4E149 /* Assets.xcassets */,
				645DA90326C177E000C4E149 /* LaunchScreen.storyboard */,
				645DA90626C177E000C4E149 /* Info.plist */,
				645DA90026C177E000C4E149 /* Preview Content */,
			);
			path = TileBalance;
			sourceTree = "<group>";
		};
		645DA90026C177E000C4E149 /* Preview Content */ = {
			isa = PBXGroup;
			children = (
				645DA90126C177E000C4E149 /* Preview Assets.xcassets */,
			);
			path = "Preview Content";
			sourceTree = "<group>";
		};
		645DA91226C17A0F00C4E149 /* Models */ = {
			isa = PBXGroup;
			children = (
				645DA91926C17CF800C4E149 /* Account.swift */,
				644A38EE26CC04750077F972 /* Detail.swift */,
				642EA78326E50DF200BB0FA6 /* WidgetData.swift */,
			);
			path = Models;
			sourceTree = "<group>";
		};
		64647FCB26E5E613000F0FF2 /* Frameworks */ = {
			isa = PBXGroup;
			children = (
				64647FCC26E5E613000F0FF2 /* WidgetKit.framework */,
				64647FCE26E5E613000F0FF2 /* SwiftUI.framework */,
			);
			name = Frameworks;
			sourceTree = "<group>";
		};
		64647FD026E5E613000F0FF2 /* SmartAppWidget */ = {
			isa = PBXGroup;
			children = (
				64647FD126E5E613000F0FF2 /* SmartAppWidget.swift */,
				64647FD326E5E614000F0FF2 /* Assets.xcassets */,
				64647FD526E5E614000F0FF2 /* Info.plist */,
			);
			path = SmartAppWidget;
			sourceTree = "<group>";
		};
		64BA8F2326C184E100ACEBAC /* Views */ = {
			isa = PBXGroup;
			children = (
				645DA91026C1789000C4E149 /* TextStyleGuide.swift */,
				644A38F626CC092B0077F972 /* RequestBtn.swift */,
			);
			path = Views;
			sourceTree = "<group>";
		};
		64BA8F2426C184FC00ACEBAC /* Resources */ = {
			isa = PBXGroup;
			children = (
				645DA91526C17AA200C4E149 /* Account.json */,
				644A38FA26CC0D020077F972 /* Details.json */,
			);
			path = Resources;
			sourceTree = "<group>";
		};
		64EC2C3A26E6D7CA00A2DDA0 /* StatusWidget */ = {
			isa = PBXGroup;
			children = (
				64EC2C3B26E6D7CA00A2DDA0 /* StatusWidget.swift */,
				64EC2C3D26E6D7D100A2DDA0 /* Assets.xcassets */,
				64EC2C3F26E6D7D100A2DDA0 /* Info.plist */,
			);
			path = StatusWidget;
			sourceTree = "<group>";
		};
/* End PBXGroup section */

/* Begin PBXNativeTarget section */
		640E992F26E8FD98005C72CF /* StatusUpdateExtension */ = {
			isa = PBXNativeTarget;
			buildConfigurationList = 640E994126E8FD99005C72CF /* Build configuration list for PBXNativeTarget "StatusUpdateExtension" */;
			buildPhases = (
				640E992C26E8FD98005C72CF /* Sources */,
				640E992D26E8FD98005C72CF /* Frameworks */,
				640E992E26E8FD98005C72CF /* Resources */,
			);
			buildRules = (
			);
			dependencies = (
			);
			name = StatusUpdateExtension;
			productName = StatusUpdateExtension;
			productReference = 640E993026E8FD98005C72CF /* StatusUpdateExtension.appex */;
			productType = "com.apple.product-type.app-extension";
		};
		645DA8F426C177DF00C4E149 /* TileBalance */ = {
			isa = PBXNativeTarget;
			buildConfigurationList = 645DA90926C177E000C4E149 /* Build configuration list for PBXNativeTarget "TileBalance" */;
			buildPhases = (
				645DA8F126C177DF00C4E149 /* Sources */,
				645DA8F226C177DF00C4E149 /* Frameworks */,
				645DA8F326C177DF00C4E149 /* Resources */,
				64647FD926E5E614000F0FF2 /* Embed App Extensions */,
			);
			buildRules = (
			);
			dependencies = (
				64647FD726E5E614000F0FF2 /* PBXTargetDependency */,
				64EC2C4126E6D7D100A2DDA0 /* PBXTargetDependency */,
				640E993D26E8FD99005C72CF /* PBXTargetDependency */,
			);
			name = TileBalance;
			productName = TileBalance;
			productReference = 645DA8F526C177DF00C4E149 /* TileBalance.app */;
			productType = "com.apple.product-type.application";
		};
		64647FC926E5E613000F0FF2 /* SmartAppWidgetExtension */ = {
			isa = PBXNativeTarget;
			buildConfigurationList = 64647FDC26E5E614000F0FF2 /* Build configuration list for PBXNativeTarget "SmartAppWidgetExtension" */;
			buildPhases = (
				64647FC626E5E613000F0FF2 /* Sources */,
				64647FC726E5E613000F0FF2 /* Frameworks */,
				64647FC826E5E613000F0FF2 /* Resources */,
			);
			buildRules = (
			);
			dependencies = (
			);
			name = SmartAppWidgetExtension;
			productName = SmartAppWidgetExtension;
			productReference = 64647FCA26E5E613000F0FF2 /* SmartAppWidgetExtension.appex */;
			productType = "com.apple.product-type.app-extension";
		};
		64EC2C3626E6D7CA00A2DDA0 /* StatusWidgetExtension */ = {
			isa = PBXNativeTarget;
			buildConfigurationList = 64EC2C4326E6D7D100A2DDA0 /* Build configuration list for PBXNativeTarget "StatusWidgetExtension" */;
			buildPhases = (
				64EC2C3326E6D7CA00A2DDA0 /* Sources */,
				64EC2C3426E6D7CA00A2DDA0 /* Frameworks */,
				64EC2C3526E6D7CA00A2DDA0 /* Resources */,
			);
			buildRules = (
			);
			dependencies = (
			);
			name = StatusWidgetExtension;
			productName = StatusWidgetExtension;
			productReference = 64EC2C3726E6D7CA00A2DDA0 /* StatusWidgetExtension.appex */;
			productType = "com.apple.product-type.app-extension";
		};
/* End PBXNativeTarget section */

/* Begin PBXProject section */
		645DA8ED26C177DF00C4E149 /* Project object */ = {
			isa = PBXProject;
			attributes = {
				LastSwiftUpdateCheck = 1230;
				LastUpgradeCheck = 1130;
				ORGANIZATIONNAME = "Corry Handayani";
				TargetAttributes = {
					640E992F26E8FD98005C72CF = {
						CreatedOnToolsVersion = 12.3;
					};
					645DA8F426C177DF00C4E149 = {
						CreatedOnToolsVersion = 11.3;
					};
					64647FC926E5E613000F0FF2 = {
						CreatedOnToolsVersion = 12.3;
					};
					64EC2C3626E6D7CA00A2DDA0 = {
						CreatedOnToolsVersion = 12.3;
					};
				};
			};
			buildConfigurationList = 645DA8F026C177DF00C4E149 /* Build configuration list for PBXProject "TileBalance" */;
			compatibilityVersion = "Xcode 9.3";
			developmentRegion = en;
			hasScannedForEncodings = 0;
			knownRegions = (
				en,
				Base,
			);
			mainGroup = 645DA8EC26C177DF00C4E149;
			productRefGroup = 645DA8F626C177DF00C4E149 /* Products */;
			projectDirPath = "";
			projectRoot = "";
			targets = (
				645DA8F426C177DF00C4E149 /* TileBalance */,
				64647FC926E5E613000F0FF2 /* SmartAppWidgetExtension */,
				64EC2C3626E6D7CA00A2DDA0 /* StatusWidgetExtension */,
				640E992F26E8FD98005C72CF /* StatusUpdateExtension */,
			);
		};
/* End PBXProject section */

/* Begin PBXResourcesBuildPhase section */
		640E992E26E8FD98005C72CF /* Resources */ = {
			isa = PBXResourcesBuildPhase;
			buildActionMask = 2147483647;
			files = (
				640E993826E8FD99005C72CF /* Assets.xcassets in Resources */,
			);
			runOnlyForDeploymentPostprocessing = 0;
		};
		645DA8F326C177DF00C4E149 /* Resources */ = {
			isa = PBXResourcesBuildPhase;
			buildActionMask = 2147483647;
			files = (
				645DA90526C177E000C4E149 /* LaunchScreen.storyboard in Resources */,
				645DA91626C17AA200C4E149 /* Account.json in Resources */,
				644A38FB26CC0D020077F972 /* Details.json in Resources */,
				645DA90226C177E000C4E149 /* Preview Assets.xcassets in Resources */,
				645DA8FF26C177E000C4E149 /* Assets.xcassets in Resources */,
			);
			runOnlyForDeploymentPostprocessing = 0;
		};
		64647FC826E5E613000F0FF2 /* Resources */ = {
			isa = PBXResourcesBuildPhase;
			buildActionMask = 2147483647;
			files = (
				64647FD426E5E614000F0FF2 /* Assets.xcassets in Resources */,
			);
			runOnlyForDeploymentPostprocessing = 0;
		};
		64EC2C3526E6D7CA00A2DDA0 /* Resources */ = {
			isa = PBXResourcesBuildPhase;
			buildActionMask = 2147483647;
			files = (
				64EC2C3E26E6D7D100A2DDA0 /* Assets.xcassets in Resources */,
			);
			runOnlyForDeploymentPostprocessing = 0;
		};
/* End PBXResourcesBuildPhase section */

/* Begin PBXSourcesBuildPhase section */
		640E992C26E8FD98005C72CF /* Sources */ = {
			isa = PBXSourcesBuildPhase;
			buildActionMask = 2147483647;
			files = (
				640E993526E8FD98005C72CF /* StatusUpdate.swift in Sources */,
				640E993A26E8FD99005C72CF /* StatusUpdate.intentdefinition in Sources */,
			);
			runOnlyForDeploymentPostprocessing = 0;
		};
		645DA8F126C177DF00C4E149 /* Sources */ = {
			isa = PBXSourcesBuildPhase;
			buildActionMask = 2147483647;
			files = (
				645DA8F926C177DF00C4E149 /* AppDelegate.swift in Sources */,
				645DA8FB26C177DF00C4E149 /* SceneDelegate.swift in Sources */,
				645DA8FD26C177DF00C4E149 /* ContentView.swift in Sources */,
				640FA6AD26C3CCFF009548F5 /* TileView.swift in Sources */,
				6429603026CD33C200274622 /* SelectAccView.swift in Sources */,
				644A38F726CC092B0077F972 /* RequestBtn.swift in Sources */,
				64EC2C2826E60D6B00A2DDA0 /* SmallWidget.swift in Sources */,
				642EA78D26E5171500BB0FA6 /* xsWidgetView.swift in Sources */,
				645DA91A26C17CF800C4E149 /* Account.swift in Sources */,
				644A38ED26CBF9880077F972 /* Extensions.swift in Sources */,
				645DA91126C1789000C4E149 /* TextStyleGuide.swift in Sources */,
				640FA6B726C4D5C1009548F5 /* CircleIcon.swift in Sources */,
				645DA91826C17C0000C4E149 /* Data.swift in Sources */,
				640E993B26E8FD99005C72CF /* StatusUpdate.intentdefinition in Sources */,
				642EA77826E4BEEE00BB0FA6 /* Widget.swift in Sources */,
				649F310826D383A3006B8551 /* ComponentList.swift in Sources */,
				640FA6AF26C3F53F009548F5 /* RequestDetailView.swift in Sources */,
				644A38EF26CC04750077F972 /* Detail.swift in Sources */,
				64CB519326DD03AA00E3D589 /* TileView2.swift in Sources */,
				642EA78426E50DF200BB0FA6 /* WidgetData.swift in Sources */,
			);
			runOnlyForDeploymentPostprocessing = 0;
		};
		64647FC626E5E613000F0FF2 /* Sources */ = {
			isa = PBXSourcesBuildPhase;
			buildActionMask = 2147483647;
			files = (
				64647FD226E5E613000F0FF2 /* SmartAppWidget.swift in Sources */,
			);
			runOnlyForDeploymentPostprocessing = 0;
		};
		64EC2C3326E6D7CA00A2DDA0 /* Sources */ = {
			isa = PBXSourcesBuildPhase;
			buildActionMask = 2147483647;
			files = (
				64EC2C3C26E6D7CA00A2DDA0 /* StatusWidget.swift in Sources */,
			);
			runOnlyForDeploymentPostprocessing = 0;
		};
/* End PBXSourcesBuildPhase section */

/* Begin PBXTargetDependency section */
		640E993D26E8FD99005C72CF /* PBXTargetDependency */ = {
			isa = PBXTargetDependency;
			target = 640E992F26E8FD98005C72CF /* StatusUpdateExtension */;
			targetProxy = 640E993C26E8FD99005C72CF /* PBXContainerItemProxy */;
		};
		64647FD726E5E614000F0FF2 /* PBXTargetDependency */ = {
			isa = PBXTargetDependency;
			target = 64647FC926E5E613000F0FF2 /* SmartAppWidgetExtension */;
			targetProxy = 64647FD626E5E614000F0FF2 /* PBXContainerItemProxy */;
		};
		64EC2C4126E6D7D100A2DDA0 /* PBXTargetDependency */ = {
			isa = PBXTargetDependency;
			target = 64EC2C3626E6D7CA00A2DDA0 /* StatusWidgetExtension */;
			targetProxy = 64EC2C4026E6D7D100A2DDA0 /* PBXContainerItemProxy */;
		};
/* End PBXTargetDependency section */

/* Begin PBXVariantGroup section */
		645DA90326C177E000C4E149 /* LaunchScreen.storyboard */ = {
			isa = PBXVariantGroup;
			children = (
				645DA90426C177E000C4E149 /* Base */,
			);
			name = LaunchScreen.storyboard;
			sourceTree = "<group>";
		};
/* End PBXVariantGroup section */

/* Begin XCBuildConfiguration section */
		640E993F26E8FD99005C72CF /* Debug */ = {
			isa = XCBuildConfiguration;
			buildSettings = {
				ASSETCATALOG_COMPILER_GLOBAL_ACCENT_COLOR_NAME = AccentColor;
				ASSETCATALOG_COMPILER_WIDGET_BACKGROUND_COLOR_NAME = WidgetBackground;
				CLANG_WARN_QUOTED_INCLUDE_IN_FRAMEWORK_HEADER = YES;
				CODE_SIGN_STYLE = Automatic;
				DEVELOPMENT_TEAM = PDZ392GNP5;
				INFOPLIST_FILE = StatusUpdate/Info.plist;
				IPHONEOS_DEPLOYMENT_TARGET = 14.3;
				LD_RUNPATH_SEARCH_PATHS = (
					"$(inherited)",
					"@executable_path/Frameworks",
					"@executable_path/../../Frameworks",
				);
				PRODUCT_BUNDLE_IDENTIFIER = com.corryhandayani.Challenge.TileBalance.StatusUpdate;
				PRODUCT_NAME = "$(TARGET_NAME)";
				SKIP_INSTALL = YES;
				SWIFT_VERSION = 5.0;
				TARGETED_DEVICE_FAMILY = "1,2";
			};
			name = Debug;
		};
		640E994026E8FD99005C72CF /* Release */ = {
			isa = XCBuildConfiguration;
			buildSettings = {
				ASSETCATALOG_COMPILER_GLOBAL_ACCENT_COLOR_NAME = AccentColor;
				ASSETCATALOG_COMPILER_WIDGET_BACKGROUND_COLOR_NAME = WidgetBackground;
				CLANG_WARN_QUOTED_INCLUDE_IN_FRAMEWORK_HEADER = YES;
				CODE_SIGN_STYLE = Automatic;
				DEVELOPMENT_TEAM = PDZ392GNP5;
				INFOPLIST_FILE = StatusUpdate/Info.plist;
				IPHONEOS_DEPLOYMENT_TARGET = 14.3;
				LD_RUNPATH_SEARCH_PATHS = (
					"$(inherited)",
					"@executable_path/Frameworks",
					"@executable_path/../../Frameworks",
				);
				PRODUCT_BUNDLE_IDENTIFIER = com.corryhandayani.Challenge.TileBalance.StatusUpdate;
				PRODUCT_NAME = "$(TARGET_NAME)";
				SKIP_INSTALL = YES;
				SWIFT_VERSION = 5.0;
				TARGETED_DEVICE_FAMILY = "1,2";
			};
			name = Release;
		};
		645DA90726C177E000C4E149 /* Debug */ = {
			isa = XCBuildConfiguration;
			buildSettings = {
				ALWAYS_SEARCH_USER_PATHS = NO;
				CLANG_ANALYZER_NONNULL = YES;
				CLANG_ANALYZER_NUMBER_OBJECT_CONVERSION = YES_AGGRESSIVE;
				CLANG_CXX_LANGUAGE_STANDARD = "gnu++14";
				CLANG_CXX_LIBRARY = "libc++";
				CLANG_ENABLE_MODULES = YES;
				CLANG_ENABLE_OBJC_ARC = YES;
				CLANG_ENABLE_OBJC_WEAK = YES;
				CLANG_WARN_BLOCK_CAPTURE_AUTORELEASING = YES;
				CLANG_WARN_BOOL_CONVERSION = YES;
				CLANG_WARN_COMMA = YES;
				CLANG_WARN_CONSTANT_CONVERSION = YES;
				CLANG_WARN_DEPRECATED_OBJC_IMPLEMENTATIONS = YES;
				CLANG_WARN_DIRECT_OBJC_ISA_USAGE = YES_ERROR;
				CLANG_WARN_DOCUMENTATION_COMMENTS = YES;
				CLANG_WARN_EMPTY_BODY = YES;
				CLANG_WARN_ENUM_CONVERSION = YES;
				CLANG_WARN_INFINITE_RECURSION = YES;
				CLANG_WARN_INT_CONVERSION = YES;
				CLANG_WARN_NON_LITERAL_NULL_CONVERSION = YES;
				CLANG_WARN_OBJC_IMPLICIT_RETAIN_SELF = YES;
				CLANG_WARN_OBJC_LITERAL_CONVERSION = YES;
				CLANG_WARN_OBJC_ROOT_CLASS = YES_ERROR;
				CLANG_WARN_RANGE_LOOP_ANALYSIS = YES;
				CLANG_WARN_STRICT_PROTOTYPES = YES;
				CLANG_WARN_SUSPICIOUS_MOVE = YES;
				CLANG_WARN_UNGUARDED_AVAILABILITY = YES_AGGRESSIVE;
				CLANG_WARN_UNREACHABLE_CODE = YES;
				CLANG_WARN__DUPLICATE_METHOD_MATCH = YES;
				COPY_PHASE_STRIP = NO;
				DEBUG_INFORMATION_FORMAT = dwarf;
				ENABLE_STRICT_OBJC_MSGSEND = YES;
				ENABLE_TESTABILITY = YES;
				GCC_C_LANGUAGE_STANDARD = gnu11;
				GCC_DYNAMIC_NO_PIC = NO;
				GCC_NO_COMMON_BLOCKS = YES;
				GCC_OPTIMIZATION_LEVEL = 0;
				GCC_PREPROCESSOR_DEFINITIONS = (
					"DEBUG=1",
					"$(inherited)",
				);
				GCC_WARN_64_TO_32_BIT_CONVERSION = YES;
				GCC_WARN_ABOUT_RETURN_TYPE = YES_ERROR;
				GCC_WARN_UNDECLARED_SELECTOR = YES;
				GCC_WARN_UNINITIALIZED_AUTOS = YES_AGGRESSIVE;
				GCC_WARN_UNUSED_FUNCTION = YES;
				GCC_WARN_UNUSED_VARIABLE = YES;
				IPHONEOS_DEPLOYMENT_TARGET = 14.0;
				MTL_ENABLE_DEBUG_INFO = INCLUDE_SOURCE;
				MTL_FAST_MATH = YES;
				ONLY_ACTIVE_ARCH = YES;
				SDKROOT = iphoneos;
				SWIFT_ACTIVE_COMPILATION_CONDITIONS = DEBUG;
				SWIFT_OPTIMIZATION_LEVEL = "-Onone";
			};
			name = Debug;
		};
		645DA90826C177E000C4E149 /* Release */ = {
			isa = XCBuildConfiguration;
			buildSettings = {
				ALWAYS_SEARCH_USER_PATHS = NO;
				CLANG_ANALYZER_NONNULL = YES;
				CLANG_ANALYZER_NUMBER_OBJECT_CONVERSION = YES_AGGRESSIVE;
				CLANG_CXX_LANGUAGE_STANDARD = "gnu++14";
				CLANG_CXX_LIBRARY = "libc++";
				CLANG_ENABLE_MODULES = YES;
				CLANG_ENABLE_OBJC_ARC = YES;
				CLANG_ENABLE_OBJC_WEAK = YES;
				CLANG_WARN_BLOCK_CAPTURE_AUTORELEASING = YES;
				CLANG_WARN_BOOL_CONVERSION = YES;
				CLANG_WARN_COMMA = YES;
				CLANG_WARN_CONSTANT_CONVERSION = YES;
				CLANG_WARN_DEPRECATED_OBJC_IMPLEMENTATIONS = YES;
				CLANG_WARN_DIRECT_OBJC_ISA_USAGE = YES_ERROR;
				CLANG_WARN_DOCUMENTATION_COMMENTS = YES;
				CLANG_WARN_EMPTY_BODY = YES;
				CLANG_WARN_ENUM_CONVERSION = YES;
				CLANG_WARN_INFINITE_RECURSION = YES;
				CLANG_WARN_INT_CONVERSION = YES;
				CLANG_WARN_NON_LITERAL_NULL_CONVERSION = YES;
				CLANG_WARN_OBJC_IMPLICIT_RETAIN_SELF = YES;
				CLANG_WARN_OBJC_LITERAL_CONVERSION = YES;
				CLANG_WARN_OBJC_ROOT_CLASS = YES_ERROR;
				CLANG_WARN_RANGE_LOOP_ANALYSIS = YES;
				CLANG_WARN_STRICT_PROTOTYPES = YES;
				CLANG_WARN_SUSPICIOUS_MOVE = YES;
				CLANG_WARN_UNGUARDED_AVAILABILITY = YES_AGGRESSIVE;
				CLANG_WARN_UNREACHABLE_CODE = YES;
				CLANG_WARN__DUPLICATE_METHOD_MATCH = YES;
				COPY_PHASE_STRIP = NO;
				DEBUG_INFORMATION_FORMAT = "dwarf-with-dsym";
				ENABLE_NS_ASSERTIONS = NO;
				ENABLE_STRICT_OBJC_MSGSEND = YES;
				GCC_C_LANGUAGE_STANDARD = gnu11;
				GCC_NO_COMMON_BLOCKS = YES;
				GCC_WARN_64_TO_32_BIT_CONVERSION = YES;
				GCC_WARN_ABOUT_RETURN_TYPE = YES_ERROR;
				GCC_WARN_UNDECLARED_SELECTOR = YES;
				GCC_WARN_UNINITIALIZED_AUTOS = YES_AGGRESSIVE;
				GCC_WARN_UNUSED_FUNCTION = YES;
				GCC_WARN_UNUSED_VARIABLE = YES;
				IPHONEOS_DEPLOYMENT_TARGET = 14.0;
				MTL_ENABLE_DEBUG_INFO = NO;
				MTL_FAST_MATH = YES;
				SDKROOT = iphoneos;
				SWIFT_COMPILATION_MODE = wholemodule;
				SWIFT_OPTIMIZATION_LEVEL = "-O";
				VALIDATE_PRODUCT = YES;
			};
			name = Release;
		};
		645DA90A26C177E000C4E149 /* Debug */ = {
			isa = XCBuildConfiguration;
			buildSettings = {
				ALWAYS_EMBED_SWIFT_STANDARD_LIBRARIES = YES;
				ASSETCATALOG_COMPILER_APPICON_NAME = AppIcon;
				CODE_SIGN_ENTITLEMENTS = TileBalance/TileBalance.entitlements;
				CODE_SIGN_STYLE = Automatic;
				DEVELOPMENT_ASSET_PATHS = "\"TileBalance/Preview Content\"";
				DEVELOPMENT_TEAM = PDZ392GNP5;
				ENABLE_PREVIEWS = YES;
				INFOPLIST_FILE = TileBalance/Info.plist;
				LD_RUNPATH_SEARCH_PATHS = (
					"$(inherited)",
					"@executable_path/Frameworks",
				);
				PRODUCT_BUNDLE_IDENTIFIER = com.corryhandayani.Challenge.TileBalance;
				PRODUCT_NAME = "$(TARGET_NAME)";
				SWIFT_VERSION = 5.0;
				TARGETED_DEVICE_FAMILY = "1,2";
			};
			name = Debug;
		};
		645DA90B26C177E000C4E149 /* Release */ = {
			isa = XCBuildConfiguration;
			buildSettings = {
				ALWAYS_EMBED_SWIFT_STANDARD_LIBRARIES = YES;
				ASSETCATALOG_COMPILER_APPICON_NAME = AppIcon;
				CODE_SIGN_ENTITLEMENTS = TileBalance/TileBalance.entitlements;
				CODE_SIGN_STYLE = Automatic;
				DEVELOPMENT_ASSET_PATHS = "\"TileBalance/Preview Content\"";
				DEVELOPMENT_TEAM = PDZ392GNP5;
				ENABLE_PREVIEWS = YES;
				INFOPLIST_FILE = TileBalance/Info.plist;
				LD_RUNPATH_SEARCH_PATHS = (
					"$(inherited)",
					"@executable_path/Frameworks",
				);
				PRODUCT_BUNDLE_IDENTIFIER = com.corryhandayani.Challenge.TileBalance;
				PRODUCT_NAME = "$(TARGET_NAME)";
				SWIFT_VERSION = 5.0;
				TARGETED_DEVICE_FAMILY = "1,2";
			};
			name = Release;
		};
		64647FDA26E5E614000F0FF2 /* Debug */ = {
			isa = XCBuildConfiguration;
			buildSettings = {
				ASSETCATALOG_COMPILER_GLOBAL_ACCENT_COLOR_NAME = AccentColor;
				ASSETCATALOG_COMPILER_WIDGET_BACKGROUND_COLOR_NAME = WidgetBackground;
				CLANG_WARN_QUOTED_INCLUDE_IN_FRAMEWORK_HEADER = YES;
				CODE_SIGN_STYLE = Automatic;
				DEVELOPMENT_TEAM = PDZ392GNP5;
				INFOPLIST_FILE = SmartAppWidget/Info.plist;
				IPHONEOS_DEPLOYMENT_TARGET = 14.3;
				LD_RUNPATH_SEARCH_PATHS = (
					"$(inherited)",
					"@executable_path/Frameworks",
					"@executable_path/../../Frameworks",
				);
				PRODUCT_BUNDLE_IDENTIFIER = com.corryhandayani.Challenge.TileBalance.SmartAppWidget;
				PRODUCT_NAME = "$(TARGET_NAME)";
				SKIP_INSTALL = YES;
				SWIFT_VERSION = 5.0;
				TARGETED_DEVICE_FAMILY = "1,2";
			};
			name = Debug;
		};
		64647FDB26E5E614000F0FF2 /* Release */ = {
			isa = XCBuildConfiguration;
			buildSettings = {
				ASSETCATALOG_COMPILER_GLOBAL_ACCENT_COLOR_NAME = AccentColor;
				ASSETCATALOG_COMPILER_WIDGET_BACKGROUND_COLOR_NAME = WidgetBackground;
				CLANG_WARN_QUOTED_INCLUDE_IN_FRAMEWORK_HEADER = YES;
				CODE_SIGN_STYLE = Automatic;
				DEVELOPMENT_TEAM = PDZ392GNP5;
				INFOPLIST_FILE = SmartAppWidget/Info.plist;
				IPHONEOS_DEPLOYMENT_TARGET = 14.3;
				LD_RUNPATH_SEARCH_PATHS = (
					"$(inherited)",
					"@executable_path/Frameworks",
					"@executable_path/../../Frameworks",
				);
				PRODUCT_BUNDLE_IDENTIFIER = com.corryhandayani.Challenge.TileBalance.SmartAppWidget;
				PRODUCT_NAME = "$(TARGET_NAME)";
				SKIP_INSTALL = YES;
				SWIFT_VERSION = 5.0;
				TARGETED_DEVICE_FAMILY = "1,2";
			};
			name = Release;
		};
		64EC2C4426E6D7D100A2DDA0 /* Debug */ = {
			isa = XCBuildConfiguration;
			buildSettings = {
				ASSETCATALOG_COMPILER_GLOBAL_ACCENT_COLOR_NAME = AccentColor;
				ASSETCATALOG_COMPILER_WIDGET_BACKGROUND_COLOR_NAME = WidgetBackground;
				CLANG_WARN_QUOTED_INCLUDE_IN_FRAMEWORK_HEADER = YES;
				CODE_SIGN_STYLE = Automatic;
				DEVELOPMENT_TEAM = PDZ392GNP5;
				INFOPLIST_FILE = StatusWidget/Info.plist;
				IPHONEOS_DEPLOYMENT_TARGET = 14.3;
				LD_RUNPATH_SEARCH_PATHS = (
					"$(inherited)",
					"@executable_path/Frameworks",
					"@executable_path/../../Frameworks",
				);
				PRODUCT_BUNDLE_IDENTIFIER = com.corryhandayani.Challenge.TileBalance.StatusWidget;
				PRODUCT_NAME = "$(TARGET_NAME)";
				SKIP_INSTALL = YES;
				SWIFT_VERSION = 5.0;
				TARGETED_DEVICE_FAMILY = "1,2";
			};
			name = Debug;
		};
		64EC2C4526E6D7D100A2DDA0 /* Release */ = {
			isa = XCBuildConfiguration;
			buildSettings = {
				ASSETCATALOG_COMPILER_GLOBAL_ACCENT_COLOR_NAME = AccentColor;
				ASSETCATALOG_COMPILER_WIDGET_BACKGROUND_COLOR_NAME = WidgetBackground;
				CLANG_WARN_QUOTED_INCLUDE_IN_FRAMEWORK_HEADER = YES;
				CODE_SIGN_STYLE = Automatic;
				DEVELOPMENT_TEAM = PDZ392GNP5;
				INFOPLIST_FILE = StatusWidget/Info.plist;
				IPHONEOS_DEPLOYMENT_TARGET = 14.3;
				LD_RUNPATH_SEARCH_PATHS = (
					"$(inherited)",
					"@executable_path/Frameworks",
					"@executable_path/../../Frameworks",
				);
				PRODUCT_BUNDLE_IDENTIFIER = com.corryhandayani.Challenge.TileBalance.StatusWidget;
				PRODUCT_NAME = "$(TARGET_NAME)";
				SKIP_INSTALL = YES;
				SWIFT_VERSION = 5.0;
				TARGETED_DEVICE_FAMILY = "1,2";
			};
			name = Release;
		};
/* End XCBuildConfiguration section */

/* Begin XCConfigurationList section */
		640E994126E8FD99005C72CF /* Build configuration list for PBXNativeTarget "StatusUpdateExtension" */ = {
			isa = XCConfigurationList;
			buildConfigurations = (
				640E993F26E8FD99005C72CF /* Debug */,
				640E994026E8FD99005C72CF /* Release */,
			);
			defaultConfigurationIsVisible = 0;
			defaultConfigurationName = Release;
		};
		645DA8F026C177DF00C4E149 /* Build configuration list for PBXProject "TileBalance" */ = {
			isa = XCConfigurationList;
			buildConfigurations = (
				645DA90726C177E000C4E149 /* Debug */,
				645DA90826C177E000C4E149 /* Release */,
			);
			defaultConfigurationIsVisible = 0;
			defaultConfigurationName = Release;
		};
		645DA90926C177E000C4E149 /* Build configuration list for PBXNativeTarget "TileBalance" */ = {
			isa = XCConfigurationList;
			buildConfigurations = (
				645DA90A26C177E000C4E149 /* Debug */,
				645DA90B26C177E000C4E149 /* Release */,
			);
			defaultConfigurationIsVisible = 0;
			defaultConfigurationName = Release;
		};
		64647FDC26E5E614000F0FF2 /* Build configuration list for PBXNativeTarget "SmartAppWidgetExtension" */ = {
			isa = XCConfigurationList;
			buildConfigurations = (
				64647FDA26E5E614000F0FF2 /* Debug */,
				64647FDB26E5E614000F0FF2 /* Release */,
			);
			defaultConfigurationIsVisible = 0;
			defaultConfigurationName = Release;
		};
		64EC2C4326E6D7D100A2DDA0 /* Build configuration list for PBXNativeTarget "StatusWidgetExtension" */ = {
			isa = XCConfigurationList;
			buildConfigurations = (
				64EC2C4426E6D7D100A2DDA0 /* Debug */,
				64EC2C4526E6D7D100A2DDA0 /* Release */,
			);
			defaultConfigurationIsVisible = 0;
			defaultConfigurationName = Release;
		};
/* End XCConfigurationList section */
	};
	rootObject = 645DA8ED26C177DF00C4E149 /* Project object */;
}
